
Microsoft Visual Studio Solution File, Format Version 12.00
# Visual Studio Version 17
VisualStudioVersion = 17.5.33414.496
MinimumVisualStudioVersion = 10.0.40219.1
Project("{FAE04EC0-301F-11D3-BF4B-00C04F79EFBC}") = "UnitySpace", "UnitySpace\UnitySpace.csproj", "{7AE3AA49-C072-4CF2-A672-8004B6183CB1}"
EndProject
Global
	GlobalSection(SolutionConfigurationPlatforms) = preSolution
		Debug|Any CPU = Debug|Any CPU
		Release|Any CPU = Release|Any CPU
	EndGlobalSection
	GlobalSection(ProjectConfigurationPlatforms) = postSolution
		{7AE3AA49-C072-4CF2-A672-8004B6183CB1}.Debug|Any CPU.ActiveCfg = Debug|Any CPU
		{7AE3AA49-C072-4CF2-A672-8004B6183CB1}.Debug|Any CPU.Build.0 = Debug|Any CPU
		{7AE3AA49-C072-4CF2-A672-8004B6183CB1}.Release|Any CPU.ActiveCfg = Release|Any CPU
		{7AE3AA49-C072-4CF2-A672-8004B6183CB1}.Release|Any CPU.Build.0 = Release|Any CPU
	EndGlobalSection
	GlobalSection(SolutionProperties) = preSolution
		HideSolutionNode = FALSE
	EndGlobalSection
	GlobalSection(ExtensibilityGlobals) = postSolution
		SolutionGuid = {0639D35E-8EDD-4E57-A257-4393A0612AE8}
	EndGlobalSection
EndGlobal
